{
  "name": "back-end",
  "lockfileVersion": 3,
  "requires": true,
  "packages": {
    "": {
      "dependencies": {
        "bigjs": "^0.0.3"
      }
    },
    "node_modules/bigjs": {
      "version": "0.0.3",
      "resolved": "https://registry.npmjs.org/bigjs/-/bigjs-0.0.3.tgz",
      "integrity": "sha512-rfsUsla+TYUpqVeJT7emkow3Cpn/cXmA7xGGvS9D0JzipoBMKCgpKfdSonTiK7KChdsx7os1AIJ6nu3FyT8jEg=="
    }
  }
}
